
Microsoft Visual Studio Solution File, Format Version 12.00
# Visual Studio Version 17
VisualStudioVersion = 17.3.32922.545
MinimumVisualStudioVersion = 10.0.40219.1
Project("{8BC9CEB8-8B4A-11D0-8D11-00A0C91BC942}") = "hyrunSofialab3.1", "hyrunSofialab3.1\hyrunSofialab3.1.vcxproj", "{F6BA4124-CC53-4634-A8F3-EECA9B08AB9C}"
EndProject
Global
	GlobalSection(SolutionConfigurationPlatforms) = preSolution
		Debug|x64 = Debug|x64
		Debug|x86 = Debug|x86
		Release|x64 = Release|x64
		Release|x86 = Release|x86
	EndGlobalSection
	GlobalSection(ProjectConfigurationPlatforms) = postSolution
		{F6BA4124-CC53-4634-A8F3-EECA9B08AB9C}.Debug|x64.ActiveCfg = Debug|x64
		{F6BA4124-CC53-4634-A8F3-EECA9B08AB9C}.Debug|x64.Build.0 = Debug|x64
		{F6BA4124-CC53-4634-A8F3-EECA9B08AB9C}.Debug|x86.ActiveCfg = Debug|Win32
		{F6BA4124-CC53-4634-A8F3-EECA9B08AB9C}.Debug|x86.Build.0 = Debug|Win32
		{F6BA4124-CC53-4634-A8F3-EECA9B08AB9C}.Release|x64.ActiveCfg = Release|x64
		{F6BA4124-CC53-4634-A8F3-EECA9B08AB9C}.Release|x64.Build.0 = Release|x64
		{F6BA4124-CC53-4634-A8F3-EECA9B08AB9C}.Release|x86.ActiveCfg = Release|Win32
		{F6BA4124-CC53-4634-A8F3-EECA9B08AB9C}.Release|x86.Build.0 = Release|Win32
	EndGlobalSection
	GlobalSection(SolutionProperties) = preSolution
		HideSolutionNode = FALSE
	EndGlobalSection
	GlobalSection(ExtensibilityGlobals) = postSolution
		SolutionGuid = {820705D2-C731-4D5A-8250-92034EB08E40}
	EndGlobalSection
EndGlobal
